<?xml version="1.0" encoding="utf-8"?>
<Project ToolsVersion="4.0" xmlns="http://schemas.microsoft.com/developer/msbuild/2003">
  <ItemGroup>
    <Filter Include="Source Files">
      <UniqueIdentifier>{4FC737F1-C7A5-4376-A066-2A32D752A2FF}</UniqueIdentifier>
      <Extensions>cpp;c;cxx;def;odl;idl;hpj;bat;asm;asmx</Extensions>
    </Filter>
    <Filter Include="Header Files">
      <UniqueIdentifier>{93995380-89BD-4b04-88EB-625FBE52EBFB}</UniqueIdentifier>
      <Extensions>h;hpp;hxx;hm;inl;inc;xsd</Extensions>
    </Filter>
    <Filter Include="Resource Files">
      <UniqueIdentifier>{67DA6AB6-F800-4c08-8B7A-83BB121AAD01}</UniqueIdentifier>
      <Extensions>rc;ico;cur;bmp;dlg;rc2;rct;bin;rgs;gif;jpg;jpeg;jpe;resx</Extensions>
    </Filter>
  </ItemGroup>
  <ItemGroup>
    <ClCompile Include="AllowedCards.cpp">
      <Filter>Source Files</Filter>
    </ClCompile>
    <ClCompile Include="Card.cpp">
      <Filter>Source Files</Filter>
    </ClCompile>
    <ClCompile Include="Decider.cpp">
      <Filter>Source Files</Filter>
    </ClCompile>
    <ClCompile Include="GameData.cpp">
      <Filter>Source Files</Filter>
    </ClCompile>
    <ClCompile Include="GameWnd.cpp">
      <Filter>Source Files</Filter>
    </ClCompile>
    <ClCompile Include="Kierki.cpp">
      <Filter>Source Files</Filter>
    </ClCompile>
    <ClCompile Include="LogonDlg.cpp">
      <Filter>Source Files</Filter>
    </ClCompile>
    <ClCompile Include="NoBoysDecider.cpp">
      <Filter>Source Files</Filter>
    </ClCompile>
    <ClCompile Include="NoHeartsDecider.cpp">
      <Filter>Source Files</Filter>
    </ClCompile>
    <ClCompile Include="NoKingOfHeartDecider.cpp">
      <Filter>Source Files</Filter>
    </ClCompile>
    <ClCompile Include="NoLadiesDecider.cpp">
      <Filter>Source Files</Filter>
    </ClCompile>
    <ClCompile Include="NoSixAndLastDecider.cpp">
      <Filter>Source Files</Filter>
    </ClCompile>
    <ClCompile Include="NoTricksDecider.cpp">
      <Filter>Source Files</Filter>
    </ClCompile>
    <ClCompile Include="OptionsDlg.cpp">
      <Filter>Source Files</Filter>
    </ClCompile>
    <ClCompile Include="OptionsPlayerDlg.cpp">
      <Filter>Source Files</Filter>
    </ClCompile>
    <ClCompile Include="OptionsRulesDlg.cpp">
      <Filter>Source Files</Filter>
    </ClCompile>
    <ClCompile Include="OptionsTimeDlg.cpp">
      <Filter>Source Files</Filter>
    </ClCompile>
    <ClCompile Include="OptionsViewDlg.cpp">
      <Filter>Source Files</Filter>
    </ClCompile>
    <ClCompile Include="Player.cpp">
      <Filter>Source Files</Filter>
    </ClCompile>
    <ClCompile Include="Players.cpp">
      <Filter>Source Files</Filter>
    </ClCompile>
    <ClCompile Include="PuzzleDecider.cpp">
      <Filter>Source Files</Filter>
    </ClCompile>
    <ClCompile Include="PuzzleRows.cpp">
      <Filter>Source Files</Filter>
    </ClCompile>
    <ClCompile Include="RecoverDecider.cpp">
      <Filter>Source Files</Filter>
    </ClCompile>
    <ClCompile Include="ResultWnd.cpp">
      <Filter>Source Files</Filter>
    </ClCompile>
    <ClCompile Include="RobberDecider.cpp">
      <Filter>Source Files</Filter>
    </ClCompile>
    <ClCompile Include="RRegData.cpp">
      <Filter>Source Files</Filter>
    </ClCompile>
    <ClCompile Include="Score.cpp">
      <Filter>Source Files</Filter>
    </ClCompile>
    <ClCompile Include="Scores.cpp">
      <Filter>Source Files</Filter>
    </ClCompile>
    <ClCompile Include="SortCards.cpp">
      <Filter>Source Files</Filter>
    </ClCompile>
    <ClCompile Include="stdafx.cpp">
      <Filter>Source Files</Filter>
    </ClCompile>
    <ClCompile Include="TakenTricks.cpp">
      <Filter>Source Files</Filter>
    </ClCompile>
    <ClCompile Include="Trick.cpp">
      <Filter>Source Files</Filter>
    </ClCompile>
    <ClCompile Include="UserCards.cpp">
      <Filter>Source Files</Filter>
    </ClCompile>
    <ClCompile Include="OwnToolbar.cpp">
      <Filter>Source Files</Filter>
    </ClCompile>
    <ClCompile Include="HelpWnd.cpp">
      <Filter>Source Files</Filter>
    </ClCompile>
    <ClCompile Include="HelpJson.cpp">
      <Filter>Source Files</Filter>
    </ClCompile>
    <ClCompile Include="BaseJson.cpp">
      <Filter>Source Files</Filter>
    </ClCompile>
    <ClCompile Include="JsonParser.cpp">
      <Filter>Source Files</Filter>
    </ClCompile>
    <ClCompile Include="RSelectBitmap.cpp">
      <Filter>Source Files</Filter>
    </ClCompile>
  </ItemGroup>
  <ItemGroup>
    <ClInclude Include="AllowedCards.h">
      <Filter>Header Files</Filter>
    </ClInclude>
    <ClInclude Include="Card.h">
      <Filter>Header Files</Filter>
    </ClInclude>
    <ClInclude Include="CrashFileNames.h">
      <Filter>Header Files</Filter>
    </ClInclude>
    <ClInclude Include="Decider.h">
      <Filter>Header Files</Filter>
    </ClInclude>
    <ClInclude Include="GameData.h">
      <Filter>Header Files</Filter>
    </ClInclude>
    <ClInclude Include="GameWnd.h">
      <Filter>Header Files</Filter>
    </ClInclude>
    <ClInclude Include="GameWndData.h">
      <Filter>Header Files</Filter>
    </ClInclude>
    <ClInclude Include="Kierki.h">
      <Filter>Header Files</Filter>
    </ClInclude>
    <ClInclude Include="layout.h">
      <Filter>Header Files</Filter>
    </ClInclude>
    <ClInclude Include="LogonDlg.h">
      <Filter>Header Files</Filter>
    </ClInclude>
    <ClInclude Include="NoBoysDecider.h">
      <Filter>Header Files</Filter>
    </ClInclude>
    <ClInclude Include="NoHeartsDecider.h">
      <Filter>Header Files</Filter>
    </ClInclude>
    <ClInclude Include="NoKingOfHeartDecider.h">
      <Filter>Header Files</Filter>
    </ClInclude>
    <ClInclude Include="NoLadiesDecider.h">
      <Filter>Header Files</Filter>
    </ClInclude>
    <ClInclude Include="NoSixAndLastDecider.h">
      <Filter>Header Files</Filter>
    </ClInclude>
    <ClInclude Include="NoTricksDecider.h">
      <Filter>Header Files</Filter>
    </ClInclude>
    <ClInclude Include="OptionsDlg.h">
      <Filter>Header Files</Filter>
    </ClInclude>
    <ClInclude Include="OptionsPlayerDlg.h">
      <Filter>Header Files</Filter>
    </ClInclude>
    <ClInclude Include="OptionsRulesDlg.h">
      <Filter>Header Files</Filter>
    </ClInclude>
    <ClInclude Include="OptionsTimeDlg.h">
      <Filter>Header Files</Filter>
    </ClInclude>
    <ClInclude Include="OptionsViewDlg.h">
      <Filter>Header Files</Filter>
    </ClInclude>
    <ClInclude Include="Player.h">
      <Filter>Header Files</Filter>
    </ClInclude>
    <ClInclude Include="Players.h">
      <Filter>Header Files</Filter>
    </ClInclude>
    <ClInclude Include="PuzzleDecider.h">
      <Filter>Header Files</Filter>
    </ClInclude>
    <ClInclude Include="PuzzleRows.h">
      <Filter>Header Files</Filter>
    </ClInclude>
    <ClInclude Include="RecoverDecider.h">
      <Filter>Header Files</Filter>
    </ClInclude>
    <ClInclude Include="Resource.h">
      <Filter>Header Files</Filter>
    </ClInclude>
    <ClInclude Include="ResultWnd.h">
      <Filter>Header Files</Filter>
    </ClInclude>
    <ClInclude Include="RFile.h">
      <Filter>Header Files</Filter>
    </ClInclude>
    <ClInclude Include="RobberDecider.h">
      <Filter>Header Files</Filter>
    </ClInclude>
    <ClInclude Include="RRegData.h">
      <Filter>Header Files</Filter>
    </ClInclude>
    <ClInclude Include="Score.h">
      <Filter>Header Files</Filter>
    </ClInclude>
    <ClInclude Include="Scores.h">
      <Filter>Header Files</Filter>
    </ClInclude>
    <ClInclude Include="SortCards.h">
      <Filter>Header Files</Filter>
    </ClInclude>
    <ClInclude Include="stdafx.h">
      <Filter>Header Files</Filter>
    </ClInclude>
    <ClInclude Include="TakenTricks.h">
      <Filter>Header Files</Filter>
    </ClInclude>
    <ClInclude Include="Trick.h">
      <Filter>Header Files</Filter>
    </ClInclude>
    <ClInclude Include="TypeDefs.h">
      <Filter>Header Files</Filter>
    </ClInclude>
    <ClInclude Include="UserCards.h">
      <Filter>Header Files</Filter>
    </ClInclude>
    <ClInclude Include="HeartsData.h">
      <Filter>Header Files</Filter>
    </ClInclude>
    <ClInclude Include="OwnToolbar.h">
      <Filter>Header Files</Filter>
    </ClInclude>
    <ClInclude Include="HelpWnd.h">
      <Filter>Header Files</Filter>
    </ClInclude>
    <ClInclude Include="HelpJson.h">
      <Filter>Header Files</Filter>
    </ClInclude>
    <ClInclude Include="BaseJson.h">
      <Filter>Header Files</Filter>
    </ClInclude>
    <ClInclude Include="JsonParser.h">
      <Filter>Header Files</Filter>
    </ClInclude>
    <ClInclude Include="RSelectBitmap.h">
      <Filter>Header Files</Filter>
    </ClInclude>
  </ItemGroup>
  <ItemGroup>
    <Image Include="Kierki.ico">
      <Filter>Resource Files</Filter>
    </Image>
    <Image Include="res\kierki.ico">
      <Filter>Resource Files</Filter>
    </Image>
    <Image Include="res\notrumps.bmp">
      <Filter>Resource Files</Filter>
    </Image>
    <Image Include="res\save_game_as_48x48.png">
      <Filter>Resource Files</Filter>
    </Image>
    <Image Include="res\save_game_48x48.png">
      <Filter>Resource Files</Filter>
    </Image>
    <Image Include="res\open_game_48x48.png">
      <Filter>Resource Files</Filter>
    </Image>
    <Image Include="res\options_48x48.png">
      <Filter>Resource Files</Filter>
    </Image>
    <Image Include="res\new_game_48x48.png">
      <Filter>Resource Files</Filter>
    </Image>
    <Image Include="res\pass_icon_80x80.png">
      <Filter>Resource Files</Filter>
    </Image>
    <Image Include="res\pas_icon_80x80.png">
      <Filter>Resource Files</Filter>
    </Image>
    <Image Include="res\paper_canvas.bmp">
      <Filter>Resource Files</Filter>
    </Image>
  </ItemGroup>
  <ItemGroup>
    <ResourceCompile Include="Kierki.rc">
      <Filter>Resource Files</Filter>
    </ResourceCompile>
    <ResourceCompile Include="Kierki_en_uk.rc">
      <Filter>Resource Files</Filter>
    </ResourceCompile>
  </ItemGroup>
  <ItemGroup>
    <Manifest Include="Kierki.exe.manifest" />
    <Manifest Include="Kierki.exe.en-uk.manifest" />
  </ItemGroup>
  <ItemGroup>
    <Text Include="ReadMe.txt" />
  </ItemGroup>
  <ItemGroup>
    <None Include="instructions\instructions_en-UK.json">
      <Filter>Resource Files</Filter>
    </None>
    <None Include="instructions\instructions_pl-PL.json">
      <Filter>Resource Files</Filter>
    </None>
  </ItemGroup>
</Project>